
Microsoft Visual Studio Solution File, Format Version 12.00
# Visual Studio Version 17
VisualStudioVersion = 17.1.32210.238
MinimumVisualStudioVersion = 10.0.40219.1
Project("{9A19103F-16F7-4668-BE54-9A1E7A4F7556}") = "BarLauncher.BaseConverter.Lib", "BarLauncher.BaseConverter.Lib\BarLauncher.BaseConverter.Lib.csproj", "{87A3B139-067E-480E-8C2D-C70267E8CB50}"
EndProject
Project("{9A19103F-16F7-4668-BE54-9A1E7A4F7556}") = "BarLauncher.BaseConverter.Wox", "BarLauncher.BaseConverter.Wox\BarLauncher.BaseConverter.Wox.csproj", "{FE745F33-CFC8-4495-BB69-B6A53745CFE2}"
EndProject
Project("{9A19103F-16F7-4668-BE54-9A1E7A4F7556}") = "BarLauncher.BaseConverter.Test.Mock", "BarLauncher.BaseConverter.Test.Mock\BarLauncher.BaseConverter.Test.Mock.csproj", "{13A49947-1277-43FF-8E32-C28EB7C74493}"
EndProject
Project("{9A19103F-16F7-4668-BE54-9A1E7A4F7556}") = "BarLauncher.BaseConverter.Test.AllGreen", "BarLauncher.BaseConverter.Test.AllGreen\BarLauncher.BaseConverter.Test.AllGreen.csproj", "{D71A7247-1C3F-4C59-AB2E-85F602201321}"
EndProject
Project("{9A19103F-16F7-4668-BE54-9A1E7A4F7556}") = "BarLauncher.BaseConverter.Test.NUnit", "BarLauncher.BaseConverter.Test.NUnit\BarLauncher.BaseConverter.Test.NUnit.csproj", "{7BABDE97-D730-43C6-8D67-F743928C1B4B}"
EndProject
Project("{9A19103F-16F7-4668-BE54-9A1E7A4F7556}") = "BarLauncher.BaseConverter.Flow.Launcher", "BarLauncher.BaseConverter.Flow.Launcher\BarLauncher.BaseConverter.Flow.Launcher.csproj", "{C5C2AEF3-6BFC-4F95-BB3A-86821C3F885E}"
EndProject
Project("{2150E333-8FDC-42A3-9474-1A3956D46DE8}") = "Solution Items", "Solution Items", "{E0B37FA9-C965-49C9-B6A6-F3702BDA1412}"
	ProjectSection(SolutionItems) = preProject
		LICENSE.md = LICENSE.md
		README.md = README.md
		VERSION = VERSION
	EndProjectSection
EndProject
Project("{2150E333-8FDC-42A3-9474-1A3956D46DE8}") = "scripts", "scripts", "{EDDE042E-0473-4EEE-AF93-702634E63952}"
	ProjectSection(SolutionItems) = preProject
		comp.sh = comp.sh
		publish-dev.sh = publish-dev.sh
		version.sh = version.sh
	EndProjectSection
EndProject
Project("{2150E333-8FDC-42A3-9474-1A3956D46DE8}") = "github", "github", "{F0431B2E-2EF5-431C-B568-71860FF31F89}"
	ProjectSection(SolutionItems) = preProject
		.github\workflows\publish.yml = .github\workflows\publish.yml
		.github\workflows\version.yml = .github\workflows\version.yml
	EndProjectSection
EndProject
Project("{2150E333-8FDC-42A3-9474-1A3956D46DE8}") = "git", "git", "{4830E1F0-6F08-444D-9A15-1F460A19DF3E}"
	ProjectSection(SolutionItems) = preProject
		.gitattributes = .gitattributes
		.gitignore = .gitignore
	EndProjectSection
EndProject
Project("{2150E333-8FDC-42A3-9474-1A3956D46DE8}") = "build", "build", "{E1608536-CF2A-4394-AB77-2B21A0FCD9FA}"
	ProjectSection(SolutionItems) = preProject
		Directory.Build.props = Directory.Build.props
		Directory.Build.targets = Directory.Build.targets
	EndProjectSection
EndProject
Global
	GlobalSection(SolutionConfigurationPlatforms) = preSolution
		Debug|Any CPU = Debug|Any CPU
		Release|Any CPU = Release|Any CPU
	EndGlobalSection
	GlobalSection(ProjectConfigurationPlatforms) = postSolution
		{87A3B139-067E-480E-8C2D-C70267E8CB50}.Debug|Any CPU.ActiveCfg = Debug|Any CPU
		{87A3B139-067E-480E-8C2D-C70267E8CB50}.Debug|Any CPU.Build.0 = Debug|Any CPU
		{87A3B139-067E-480E-8C2D-C70267E8CB50}.Release|Any CPU.ActiveCfg = Release|Any CPU
		{87A3B139-067E-480E-8C2D-C70267E8CB50}.Release|Any CPU.Build.0 = Release|Any CPU
		{FE745F33-CFC8-4495-BB69-B6A53745CFE2}.Debug|Any CPU.ActiveCfg = Debug|Any CPU
		{FE745F33-CFC8-4495-BB69-B6A53745CFE2}.Debug|Any CPU.Build.0 = Debug|Any CPU
		{FE745F33-CFC8-4495-BB69-B6A53745CFE2}.Release|Any CPU.ActiveCfg = Release|Any CPU
		{FE745F33-CFC8-4495-BB69-B6A53745CFE2}.Release|Any CPU.Build.0 = Release|Any CPU
		{13A49947-1277-43FF-8E32-C28EB7C74493}.Debug|Any CPU.ActiveCfg = Debug|Any CPU
		{13A49947-1277-43FF-8E32-C28EB7C74493}.Debug|Any CPU.Build.0 = Debug|Any CPU
		{13A49947-1277-43FF-8E32-C28EB7C74493}.Release|Any CPU.ActiveCfg = Release|Any CPU
		{13A49947-1277-43FF-8E32-C28EB7C74493}.Release|Any CPU.Build.0 = Release|Any CPU
		{D71A7247-1C3F-4C59-AB2E-85F602201321}.Debug|Any CPU.ActiveCfg = Debug|Any CPU
		{D71A7247-1C3F-4C59-AB2E-85F602201321}.Debug|Any CPU.Build.0 = Debug|Any CPU
		{D71A7247-1C3F-4C59-AB2E-85F602201321}.Release|Any CPU.ActiveCfg = Release|Any CPU
		{D71A7247-1C3F-4C59-AB2E-85F602201321}.Release|Any CPU.Build.0 = Release|Any CPU
		{7BABDE97-D730-43C6-8D67-F743928C1B4B}.Debug|Any CPU.ActiveCfg = Debug|Any CPU
		{7BABDE97-D730-43C6-8D67-F743928C1B4B}.Debug|Any CPU.Build.0 = Debug|Any CPU
		{7BABDE97-D730-43C6-8D67-F743928C1B4B}.Release|Any CPU.ActiveCfg = Release|Any CPU
		{7BABDE97-D730-43C6-8D67-F743928C1B4B}.Release|Any CPU.Build.0 = Release|Any CPU
		{C5C2AEF3-6BFC-4F95-BB3A-86821C3F885E}.Debug|Any CPU.ActiveCfg = Debug|Any CPU
		{C5C2AEF3-6BFC-4F95-BB3A-86821C3F885E}.Debug|Any CPU.Build.0 = Debug|Any CPU
		{C5C2AEF3-6BFC-4F95-BB3A-86821C3F885E}.Release|Any CPU.ActiveCfg = Release|Any CPU
		{C5C2AEF3-6BFC-4F95-BB3A-86821C3F885E}.Release|Any CPU.Build.0 = Release|Any CPU
	EndGlobalSection
	GlobalSection(SolutionProperties) = preSolution
		HideSolutionNode = FALSE
	EndGlobalSection
	GlobalSection(NestedProjects) = preSolution
		{EDDE042E-0473-4EEE-AF93-702634E63952} = {E0B37FA9-C965-49C9-B6A6-F3702BDA1412}
		{F0431B2E-2EF5-431C-B568-71860FF31F89} = {E0B37FA9-C965-49C9-B6A6-F3702BDA1412}
		{4830E1F0-6F08-444D-9A15-1F460A19DF3E} = {E0B37FA9-C965-49C9-B6A6-F3702BDA1412}
		{E1608536-CF2A-4394-AB77-2B21A0FCD9FA} = {E0B37FA9-C965-49C9-B6A6-F3702BDA1412}
	EndGlobalSection
	GlobalSection(ExtensibilityGlobals) = postSolution
		SolutionGuid = {1C87E267-FA8C-42C4-9021-4373BED94DFA}
	EndGlobalSection
EndGlobal
