
Microsoft Visual Studio Solution File, Format Version 12.00
# Visual Studio Version 17
VisualStudioVersion = 17.1.32210.238
MinimumVisualStudioVersion = 10.0.40219.1
Project("{FAE04EC0-301F-11D3-BF4B-00C04F79EFBC}") = "BarLauncher.BaseConverter.Lib", "BarLauncher.BaseConverter.Lib\BarLauncher.BaseConverter.Lib.csproj", "{87A3B139-067E-480E-8C2D-C70267E8CB50}"
EndProject
Project("{9A19103F-16F7-4668-BE54-9A1E7A4F7556}") = "BarLauncher.BaseConverter.Wox", "BarLauncher.BaseConverter.Wox\BarLauncher.BaseConverter.Wox.csproj", "{FE745F33-CFC8-4495-BB69-B6A53745CFE2}"
EndProject
Project("{9A19103F-16F7-4668-BE54-9A1E7A4F7556}") = "BarLauncher.BaseConverter.Test.Mock", "BarLauncher.BaseConverter.Test.Mock\BarLauncher.BaseConverter.Test.Mock.csproj", "{13A49947-1277-43FF-8E32-C28EB7C74493}"
EndProject
Project("{9A19103F-16F7-4668-BE54-9A1E7A4F7556}") = "BarLauncher.BaseConverter.Test.AllGreen", "BarLauncher.BaseConverter.Test.AllGreen\BarLauncher.BaseConverter.Test.AllGreen.csproj", "{D71A7247-1C3F-4C59-AB2E-85F602201321}"
EndProject
Project("{9A19103F-16F7-4668-BE54-9A1E7A4F7556}") = "BarLauncher.BaseConverter.Test.NUnit", "BarLauncher.BaseConverter.Test.NUnit\BarLauncher.BaseConverter.Test.NUnit.csproj", "{7BABDE97-D730-43C6-8D67-F743928C1B4B}"
EndProject
Global
	GlobalSection(SolutionConfigurationPlatforms) = preSolution
		Debug|Any CPU = Debug|Any CPU
		Release|Any CPU = Release|Any CPU
	EndGlobalSection
	GlobalSection(ProjectConfigurationPlatforms) = postSolution
		{87A3B139-067E-480E-8C2D-C70267E8CB50}.Debug|Any CPU.ActiveCfg = Debug|Any CPU
		{87A3B139-067E-480E-8C2D-C70267E8CB50}.Debug|Any CPU.Build.0 = Debug|Any CPU
		{87A3B139-067E-480E-8C2D-C70267E8CB50}.Release|Any CPU.ActiveCfg = Release|Any CPU
		{87A3B139-067E-480E-8C2D-C70267E8CB50}.Release|Any CPU.Build.0 = Release|Any CPU
		{FE745F33-CFC8-4495-BB69-B6A53745CFE2}.Debug|Any CPU.ActiveCfg = Debug|Any CPU
		{FE745F33-CFC8-4495-BB69-B6A53745CFE2}.Debug|Any CPU.Build.0 = Debug|Any CPU
		{FE745F33-CFC8-4495-BB69-B6A53745CFE2}.Release|Any CPU.ActiveCfg = Release|Any CPU
		{FE745F33-CFC8-4495-BB69-B6A53745CFE2}.Release|Any CPU.Build.0 = Release|Any CPU
		{13A49947-1277-43FF-8E32-C28EB7C74493}.Debug|Any CPU.ActiveCfg = Debug|Any CPU
		{13A49947-1277-43FF-8E32-C28EB7C74493}.Debug|Any CPU.Build.0 = Debug|Any CPU
		{13A49947-1277-43FF-8E32-C28EB7C74493}.Release|Any CPU.ActiveCfg = Release|Any CPU
		{13A49947-1277-43FF-8E32-C28EB7C74493}.Release|Any CPU.Build.0 = Release|Any CPU
		{D71A7247-1C3F-4C59-AB2E-85F602201321}.Debug|Any CPU.ActiveCfg = Debug|Any CPU
		{D71A7247-1C3F-4C59-AB2E-85F602201321}.Debug|Any CPU.Build.0 = Debug|Any CPU
		{D71A7247-1C3F-4C59-AB2E-85F602201321}.Release|Any CPU.ActiveCfg = Release|Any CPU
		{D71A7247-1C3F-4C59-AB2E-85F602201321}.Release|Any CPU.Build.0 = Release|Any CPU
		{7BABDE97-D730-43C6-8D67-F743928C1B4B}.Debug|Any CPU.ActiveCfg = Debug|Any CPU
		{7BABDE97-D730-43C6-8D67-F743928C1B4B}.Debug|Any CPU.Build.0 = Debug|Any CPU
		{7BABDE97-D730-43C6-8D67-F743928C1B4B}.Release|Any CPU.ActiveCfg = Release|Any CPU
		{7BABDE97-D730-43C6-8D67-F743928C1B4B}.Release|Any CPU.Build.0 = Release|Any CPU
	EndGlobalSection
	GlobalSection(SolutionProperties) = preSolution
		HideSolutionNode = FALSE
	EndGlobalSection
	GlobalSection(ExtensibilityGlobals) = postSolution
		SolutionGuid = {1C87E267-FA8C-42C4-9021-4373BED94DFA}
	EndGlobalSection
EndGlobal
